
Microsoft Visual Studio Solution File, Format Version 12.00
# Visual Studio Version 17
VisualStudioVersion = 17.5.002.0
MinimumVisualStudioVersion = 10.0.40219.1
Project("{9A19103F-16F7-4668-BE54-9A1E7A4F7556}") = "Exemplo1", "Exemplo1.csproj", "{48FEA7EC-C42C-4DA2-A076-2A4582ED17DF}"
EndProject
Global
	GlobalSection(SolutionConfigurationPlatforms) = preSolution
		Debug|Any CPU = Debug|Any CPU
		Release|Any CPU = Release|Any CPU
	EndGlobalSection
	GlobalSection(ProjectConfigurationPlatforms) = postSolution
		{48FEA7EC-C42C-4DA2-A076-2A4582ED17DF}.Debug|Any CPU.ActiveCfg = Debug|Any CPU
		{48FEA7EC-C42C-4DA2-A076-2A4582ED17DF}.Debug|Any CPU.Build.0 = Debug|Any CPU
		{48FEA7EC-C42C-4DA2-A076-2A4582ED17DF}.Release|Any CPU.ActiveCfg = Release|Any CPU
		{48FEA7EC-C42C-4DA2-A076-2A4582ED17DF}.Release|Any CPU.Build.0 = Release|Any CPU
	EndGlobalSection
	GlobalSection(SolutionProperties) = preSolution
		HideSolutionNode = FALSE
	EndGlobalSection
	GlobalSection(ExtensibilityGlobals) = postSolution
		SolutionGuid = {36087FB9-B533-4FBC-8BB8-A21013C24189}
	EndGlobalSection
EndGlobal
